// !$*UTF8*$!
{
	archiveVersion = 1;
	classes = {
	};
	objectVersion = 46;
	objects = {

/* Begin PBXBuildFile section */
		916DACE1C52D228F242F052E /* Pods_Setbacks_to_Comebacks.framework in Frameworks */ = {isa = PBXBuildFile; fileRef = 9DF50F99CF9937C41F73CDD8 /* Pods_Setbacks_to_Comebacks.framework */; };
		D2DE4D65BC69ABCCACE64CBF /* Pods_Setbacks_to_ComebacksTests.framework in Frameworks */ = {isa = PBXBuildFile; fileRef = 82D75BA864A2FF76E99D9556 /* Pods_Setbacks_to_ComebacksTests.framework */; };
		D93A5D181E80C01300DDC25E /* FavoritesData.swift in Sources */ = {isa = PBXBuildFile; fileRef = D93A5D171E80C01300DDC25E /* FavoritesData.swift */; };
		D93A5D1A1E81632C00DDC25E /* PersonTableViewCell.xib in Resources */ = {isa = PBXBuildFile; fileRef = D93A5D191E81632C00DDC25E /* PersonTableViewCell.xib */; };
		D942B9091E82C62A00F8710C /* SettingsManager.swift in Sources */ = {isa = PBXBuildFile; fileRef = D942B9011E82C62A00F8710C /* SettingsManager.swift */; };
		D942B90A1E82C62A00F8710C /* SettingsStoryboard.storyboard in Resources */ = {isa = PBXBuildFile; fileRef = D942B9021E82C62A00F8710C /* SettingsStoryboard.storyboard */; };
		D942B90B1E82C62A00F8710C /* SettingsTableViewController.swift in Sources */ = {isa = PBXBuildFile; fileRef = D942B9031E82C62A00F8710C /* SettingsTableViewController.swift */; };
		D942B90C1E82C62A00F8710C /* FontSizeTableViewController.swift in Sources */ = {isa = PBXBuildFile; fileRef = D942B9041E82C62A00F8710C /* FontSizeTableViewController.swift */; };
		D942B90D1E82C62A00F8710C /* FontSizeTableViewCell.swift in Sources */ = {isa = PBXBuildFile; fileRef = D942B9051E82C62A00F8710C /* FontSizeTableViewCell.swift */; };
		D942B90E1E82C62A00F8710C /* NightModeViewController.swift in Sources */ = {isa = PBXBuildFile; fileRef = D942B9061E82C62A00F8710C /* NightModeViewController.swift */; };
		D942B90F1E82C62A00F8710C /* NightModeTableViewCell.swift in Sources */ = {isa = PBXBuildFile; fileRef = D942B9071E82C62A00F8710C /* NightModeTableViewCell.swift */; };
		D942B9111E82C79900F8710C /* TabBarViewController.swift in Sources */ = {isa = PBXBuildFile; fileRef = D942B9101E82C79900F8710C /* TabBarViewController.swift */; };
		D97623331E1174BE00BB290B /* To-Do & Strategy in Resources */ = {isa = PBXBuildFile; fileRef = D97623321E1174BE00BB290B /* To-Do & Strategy */; };
		D97E72EA1E141F2B001E1A8F /* PersonTableViewCell.swift in Sources */ = {isa = PBXBuildFile; fileRef = D97E72E91E141F2B001E1A8F /* PersonTableViewCell.swift */; };
		D97E72EC1E142546001E1A8F /* PeopleDataAccessObject.swift in Sources */ = {isa = PBXBuildFile; fileRef = D97E72EB1E142546001E1A8F /* PeopleDataAccessObject.swift */; };
		D97E72EF1E14318C001E1A8F /* people.json in Resources */ = {isa = PBXBuildFile; fileRef = D97E72EE1E14318C001E1A8F /* people.json */; };
		D97E72F11E143217001E1A8F /* Bibliography.txt in Resources */ = {isa = PBXBuildFile; fileRef = D97E72F01E143217001E1A8F /* Bibliography.txt */; };
		D98FBA0A1E11FBA8008FB950 /* PersonDetailViewController.swift in Sources */ = {isa = PBXBuildFile; fileRef = D98FBA081E11FBA8008FB950 /* PersonDetailViewController.swift */; };
		D992E4111E0DE774003E93EB /* AppDelegate.swift in Sources */ = {isa = PBXBuildFile; fileRef = D992E4101E0DE774003E93EB /* AppDelegate.swift */; };
		D992E4181E0DE774003E93EB /* Main.storyboard in Resources */ = {isa = PBXBuildFile; fileRef = D992E4161E0DE774003E93EB /* Main.storyboard */; };
		D992E41A1E0DE774003E93EB /* Assets.xcassets in Resources */ = {isa = PBXBuildFile; fileRef = D992E4191E0DE774003E93EB /* Assets.xcassets */; };
		D992E41D1E0DE774003E93EB /* LaunchScreen.storyboard in Resources */ = {isa = PBXBuildFile; fileRef = D992E41B1E0DE774003E93EB /* LaunchScreen.storyboard */; };
		D992E4281E0DE774003E93EB /* Setbacks_to_ComebacksTests.swift in Sources */ = {isa = PBXBuildFile; fileRef = D992E4271E0DE774003E93EB /* Setbacks_to_ComebacksTests.swift */; };
		D992E4331E0DE774003E93EB /* Setbacks_to_ComebacksUITests.swift in Sources */ = {isa = PBXBuildFile; fileRef = D992E4321E0DE774003E93EB /* Setbacks_to_ComebacksUITests.swift */; };
		D9EA06011E0F5DD4003C7353 /* HomeTableViewController.swift in Sources */ = {isa = PBXBuildFile; fileRef = D9EA06001E0F5DD4003C7353 /* HomeTableViewController.swift */; };
		D9EA06031E0F5DEC003C7353 /* FavoritesTableViewController.swift in Sources */ = {isa = PBXBuildFile; fileRef = D9EA06021E0F5DEC003C7353 /* FavoritesTableViewController.swift */; };
		D9EA06061E0F5E6E003C7353 /* Person.swift in Sources */ = {isa = PBXBuildFile; fileRef = D9EA06051E0F5E6E003C7353 /* Person.swift */; };
		E0C939A07AB2394D3DF9AC85 /* Pods_Setbacks_to_ComebacksUITests.framework in Frameworks */ = {isa = PBXBuildFile; fileRef = 8E51F50041C4DD93CE93F8B7 /* Pods_Setbacks_to_ComebacksUITests.framework */; };
/* End PBXBuildFile section */

/* Begin PBXContainerItemProxy section */
		D992E4241E0DE774003E93EB /* PBXContainerItemProxy */ = {
			isa = PBXContainerItemProxy;
			containerPortal = D992E4051E0DE773003E93EB /* Project object */;
			proxyType = 1;
			remoteGlobalIDString = D992E40C1E0DE773003E93EB;
			remoteInfo = "Setbacks to Comebacks";
		};
		D992E42F1E0DE774003E93EB /* PBXContainerItemProxy */ = {
			isa = PBXContainerItemProxy;
			containerPortal = D992E4051E0DE773003E93EB /* Project object */;
			proxyType = 1;
			remoteGlobalIDString = D992E40C1E0DE773003E93EB;
			remoteInfo = "Setbacks to Comebacks";
		};
/* End PBXContainerItemProxy section */

/* Begin PBXFileReference section */
		33B4E461E7336C4CCC497092 /* Pods-Setbacks to ComebacksTests.release.xcconfig */ = {isa = PBXFileReference; includeInIndex = 1; lastKnownFileType = text.xcconfig; name = "Pods-Setbacks to ComebacksTests.release.xcconfig"; path = "Pods/Target Support Files/Pods-Setbacks to ComebacksTests/Pods-Setbacks to ComebacksTests.release.xcconfig"; sourceTree = "<group>"; };
		68B24E7FE9765399A7AD2390 /* Pods-Setbacks to ComebacksUITests.debug.xcconfig */ = {isa = PBXFileReference; includeInIndex = 1; lastKnownFileType = text.xcconfig; name = "Pods-Setbacks to ComebacksUITests.debug.xcconfig"; path = "Pods/Target Support Files/Pods-Setbacks to ComebacksUITests/Pods-Setbacks to ComebacksUITests.debug.xcconfig"; sourceTree = "<group>"; };
		82D75BA864A2FF76E99D9556 /* Pods_Setbacks_to_ComebacksTests.framework */ = {isa = PBXFileReference; explicitFileType = wrapper.framework; includeInIndex = 0; path = Pods_Setbacks_to_ComebacksTests.framework; sourceTree = BUILT_PRODUCTS_DIR; };
		8E51F50041C4DD93CE93F8B7 /* Pods_Setbacks_to_ComebacksUITests.framework */ = {isa = PBXFileReference; explicitFileType = wrapper.framework; includeInIndex = 0; path = Pods_Setbacks_to_ComebacksUITests.framework; sourceTree = BUILT_PRODUCTS_DIR; };
		9DF50F99CF9937C41F73CDD8 /* Pods_Setbacks_to_Comebacks.framework */ = {isa = PBXFileReference; explicitFileType = wrapper.framework; includeInIndex = 0; path = Pods_Setbacks_to_Comebacks.framework; sourceTree = BUILT_PRODUCTS_DIR; };
		CA3DECCBF7FA9DD50E900E15 /* Pods-Setbacks to ComebacksUITests.release.xcconfig */ = {isa = PBXFileReference; includeInIndex = 1; lastKnownFileType = text.xcconfig; name = "Pods-Setbacks to ComebacksUITests.release.xcconfig"; path = "Pods/Target Support Files/Pods-Setbacks to ComebacksUITests/Pods-Setbacks to ComebacksUITests.release.xcconfig"; sourceTree = "<group>"; };
		D93A5D171E80C01300DDC25E /* FavoritesData.swift */ = {isa = PBXFileReference; fileEncoding = 4; lastKnownFileType = sourcecode.swift; path = FavoritesData.swift; sourceTree = "<group>"; };
		D93A5D191E81632C00DDC25E /* PersonTableViewCell.xib */ = {isa = PBXFileReference; fileEncoding = 4; lastKnownFileType = file.xib; path = PersonTableViewCell.xib; sourceTree = "<group>"; };
		D942B9011E82C62A00F8710C /* SettingsManager.swift */ = {isa = PBXFileReference; fileEncoding = 4; lastKnownFileType = sourcecode.swift; path = SettingsManager.swift; sourceTree = "<group>"; };
		D942B9021E82C62A00F8710C /* SettingsStoryboard.storyboard */ = {isa = PBXFileReference; fileEncoding = 4; lastKnownFileType = file.storyboard; path = SettingsStoryboard.storyboard; sourceTree = "<group>"; };
		D942B9031E82C62A00F8710C /* SettingsTableViewController.swift */ = {isa = PBXFileReference; fileEncoding = 4; lastKnownFileType = sourcecode.swift; path = SettingsTableViewController.swift; sourceTree = "<group>"; };
		D942B9041E82C62A00F8710C /* FontSizeTableViewController.swift */ = {isa = PBXFileReference; fileEncoding = 4; lastKnownFileType = sourcecode.swift; path = FontSizeTableViewController.swift; sourceTree = "<group>"; };
		D942B9051E82C62A00F8710C /* FontSizeTableViewCell.swift */ = {isa = PBXFileReference; fileEncoding = 4; lastKnownFileType = sourcecode.swift; path = FontSizeTableViewCell.swift; sourceTree = "<group>"; };
		D942B9061E82C62A00F8710C /* NightModeViewController.swift */ = {isa = PBXFileReference; fileEncoding = 4; lastKnownFileType = sourcecode.swift; path = NightModeViewController.swift; sourceTree = "<group>"; };
		D942B9071E82C62A00F8710C /* NightModeTableViewCell.swift */ = {isa = PBXFileReference; fileEncoding = 4; lastKnownFileType = sourcecode.swift; path = NightModeTableViewCell.swift; sourceTree = "<group>"; };
		D942B9101E82C79900F8710C /* TabBarViewController.swift */ = {isa = PBXFileReference; fileEncoding = 4; lastKnownFileType = sourcecode.swift; path = TabBarViewController.swift; sourceTree = "<group>"; };
		D97623321E1174BE00BB290B /* To-Do & Strategy */ = {isa = PBXFileReference; fileEncoding = 4; lastKnownFileType = text; path = "To-Do & Strategy"; sourceTree = "<group>"; };
		D97E72E91E141F2B001E1A8F /* PersonTableViewCell.swift */ = {isa = PBXFileReference; fileEncoding = 4; lastKnownFileType = sourcecode.swift; path = PersonTableViewCell.swift; sourceTree = "<group>"; };
		D97E72EB1E142546001E1A8F /* PeopleDataAccessObject.swift */ = {isa = PBXFileReference; fileEncoding = 4; lastKnownFileType = sourcecode.swift; path = PeopleDataAccessObject.swift; sourceTree = "<group>"; };
		D97E72EE1E14318C001E1A8F /* people.json */ = {isa = PBXFileReference; fileEncoding = 4; lastKnownFileType = text.json; path = people.json; sourceTree = "<group>"; };
		D97E72F01E143217001E1A8F /* Bibliography.txt */ = {isa = PBXFileReference; fileEncoding = 4; lastKnownFileType = text; path = Bibliography.txt; sourceTree = "<group>"; };
		D98FBA081E11FBA8008FB950 /* PersonDetailViewController.swift */ = {isa = PBXFileReference; fileEncoding = 4; lastKnownFileType = sourcecode.swift; path = PersonDetailViewController.swift; sourceTree = "<group>"; };
		D992E40D1E0DE774003E93EB /* Setbacks to Comebacks.app */ = {isa = PBXFileReference; explicitFileType = wrapper.application; includeInIndex = 0; path = "Setbacks to Comebacks.app"; sourceTree = BUILT_PRODUCTS_DIR; };
		D992E4101E0DE774003E93EB /* AppDelegate.swift */ = {isa = PBXFileReference; lastKnownFileType = sourcecode.swift; path = AppDelegate.swift; sourceTree = "<group>"; };
		D992E4171E0DE774003E93EB /* Base */ = {isa = PBXFileReference; lastKnownFileType = file.storyboard; name = Base; path = Base.lproj/Main.storyboard; sourceTree = "<group>"; };
		D992E4191E0DE774003E93EB /* Assets.xcassets */ = {isa = PBXFileReference; lastKnownFileType = folder.assetcatalog; path = Assets.xcassets; sourceTree = "<group>"; };
		D992E41C1E0DE774003E93EB /* Base */ = {isa = PBXFileReference; lastKnownFileType = file.storyboard; name = Base; path = Base.lproj/LaunchScreen.storyboard; sourceTree = "<group>"; };
		D992E41E1E0DE774003E93EB /* Info.plist */ = {isa = PBXFileReference; lastKnownFileType = text.plist.xml; path = Info.plist; sourceTree = "<group>"; };
		D992E4231E0DE774003E93EB /* Setbacks to ComebacksTests.xctest */ = {isa = PBXFileReference; explicitFileType = wrapper.cfbundle; includeInIndex = 0; path = "Setbacks to ComebacksTests.xctest"; sourceTree = BUILT_PRODUCTS_DIR; };
		D992E4271E0DE774003E93EB /* Setbacks_to_ComebacksTests.swift */ = {isa = PBXFileReference; lastKnownFileType = sourcecode.swift; path = Setbacks_to_ComebacksTests.swift; sourceTree = "<group>"; };
		D992E4291E0DE774003E93EB /* Info.plist */ = {isa = PBXFileReference; lastKnownFileType = text.plist.xml; path = Info.plist; sourceTree = "<group>"; };
		D992E42E1E0DE774003E93EB /* Setbacks to ComebacksUITests.xctest */ = {isa = PBXFileReference; explicitFileType = wrapper.cfbundle; includeInIndex = 0; path = "Setbacks to ComebacksUITests.xctest"; sourceTree = BUILT_PRODUCTS_DIR; };
		D992E4321E0DE774003E93EB /* Setbacks_to_ComebacksUITests.swift */ = {isa = PBXFileReference; lastKnownFileType = sourcecode.swift; path = Setbacks_to_ComebacksUITests.swift; sourceTree = "<group>"; };
		D992E4341E0DE774003E93EB /* Info.plist */ = {isa = PBXFileReference; lastKnownFileType = text.plist.xml; path = Info.plist; sourceTree = "<group>"; };
		D9EA06001E0F5DD4003C7353 /* HomeTableViewController.swift */ = {isa = PBXFileReference; fileEncoding = 4; lastKnownFileType = sourcecode.swift; path = HomeTableViewController.swift; sourceTree = "<group>"; };
		D9EA06021E0F5DEC003C7353 /* FavoritesTableViewController.swift */ = {isa = PBXFileReference; fileEncoding = 4; lastKnownFileType = sourcecode.swift; path = FavoritesTableViewController.swift; sourceTree = "<group>"; };
		D9EA06051E0F5E6E003C7353 /* Person.swift */ = {isa = PBXFileReference; fileEncoding = 4; lastKnownFileType = sourcecode.swift; path = Person.swift; sourceTree = "<group>"; };
		E0D379102B621F351D77D7BD /* Pods-Setbacks to Comebacks.release.xcconfig */ = {isa = PBXFileReference; includeInIndex = 1; lastKnownFileType = text.xcconfig; name = "Pods-Setbacks to Comebacks.release.xcconfig"; path = "Pods/Target Support Files/Pods-Setbacks to Comebacks/Pods-Setbacks to Comebacks.release.xcconfig"; sourceTree = "<group>"; };
		EC18DBFE96FE46510E2071D5 /* Pods-Setbacks to ComebacksTests.debug.xcconfig */ = {isa = PBXFileReference; includeInIndex = 1; lastKnownFileType = text.xcconfig; name = "Pods-Setbacks to ComebacksTests.debug.xcconfig"; path = "Pods/Target Support Files/Pods-Setbacks to ComebacksTests/Pods-Setbacks to ComebacksTests.debug.xcconfig"; sourceTree = "<group>"; };
		FB6E9E62B29A389F75CA41AB /* Pods-Setbacks to Comebacks.debug.xcconfig */ = {isa = PBXFileReference; includeInIndex = 1; lastKnownFileType = text.xcconfig; name = "Pods-Setbacks to Comebacks.debug.xcconfig"; path = "Pods/Target Support Files/Pods-Setbacks to Comebacks/Pods-Setbacks to Comebacks.debug.xcconfig"; sourceTree = "<group>"; };
/* End PBXFileReference section */

/* Begin PBXFrameworksBuildPhase section */
		D992E40A1E0DE773003E93EB /* Frameworks */ = {
			isa = PBXFrameworksBuildPhase;
			buildActionMask = 2147483647;
			files = (
				916DACE1C52D228F242F052E /* Pods_Setbacks_to_Comebacks.framework in Frameworks */,
			);
			runOnlyForDeploymentPostprocessing = 0;
		};
		D992E4201E0DE774003E93EB /* Frameworks */ = {
			isa = PBXFrameworksBuildPhase;
			buildActionMask = 2147483647;
			files = (
				D2DE4D65BC69ABCCACE64CBF /* Pods_Setbacks_to_ComebacksTests.framework in Frameworks */,
			);
			runOnlyForDeploymentPostprocessing = 0;
		};
		D992E42B1E0DE774003E93EB /* Frameworks */ = {
			isa = PBXFrameworksBuildPhase;
			buildActionMask = 2147483647;
			files = (
				E0C939A07AB2394D3DF9AC85 /* Pods_Setbacks_to_ComebacksUITests.framework in Frameworks */,
			);
			runOnlyForDeploymentPostprocessing = 0;
		};
/* End PBXFrameworksBuildPhase section */

/* Begin PBXGroup section */
		50B7108505859698C872B992 /* Pods */ = {
			isa = PBXGroup;
			children = (
				FB6E9E62B29A389F75CA41AB /* Pods-Setbacks to Comebacks.debug.xcconfig */,
				E0D379102B621F351D77D7BD /* Pods-Setbacks to Comebacks.release.xcconfig */,
				EC18DBFE96FE46510E2071D5 /* Pods-Setbacks to ComebacksTests.debug.xcconfig */,
				33B4E461E7336C4CCC497092 /* Pods-Setbacks to ComebacksTests.release.xcconfig */,
				68B24E7FE9765399A7AD2390 /* Pods-Setbacks to ComebacksUITests.debug.xcconfig */,
				CA3DECCBF7FA9DD50E900E15 /* Pods-Setbacks to ComebacksUITests.release.xcconfig */,
			);
			name = Pods;
			sourceTree = "<group>";
		};
		8F1E06D549E33E35D43E5D71 /* Frameworks */ = {
			isa = PBXGroup;
			children = (
				9DF50F99CF9937C41F73CDD8 /* Pods_Setbacks_to_Comebacks.framework */,
				82D75BA864A2FF76E99D9556 /* Pods_Setbacks_to_ComebacksTests.framework */,
				8E51F50041C4DD93CE93F8B7 /* Pods_Setbacks_to_ComebacksUITests.framework */,
			);
			name = Frameworks;
			sourceTree = "<group>";
		};
		D942B9081E82C62A00F8710C /* Settings */ = {
			isa = PBXGroup;
			children = (
				D942B9011E82C62A00F8710C /* SettingsManager.swift */,
				D942B9021E82C62A00F8710C /* SettingsStoryboard.storyboard */,
				D942B9031E82C62A00F8710C /* SettingsTableViewController.swift */,
				D942B9041E82C62A00F8710C /* FontSizeTableViewController.swift */,
				D942B9051E82C62A00F8710C /* FontSizeTableViewCell.swift */,
				D942B9061E82C62A00F8710C /* NightModeViewController.swift */,
				D942B9071E82C62A00F8710C /* NightModeTableViewCell.swift */,
			);
			name = Settings;
			path = "../../Sample Projects/TaoTeChingSwift/TaoTeChingSwift/TaoTeChingSwift";
			sourceTree = "<group>";
		};
		D97E72E81E141C00001E1A8F /* View */ = {
			isa = PBXGroup;
			children = (
				D992E4161E0DE774003E93EB /* Main.storyboard */,
				D992E4191E0DE774003E93EB /* Assets.xcassets */,
				D97E72E91E141F2B001E1A8F /* PersonTableViewCell.swift */,
				D93A5D191E81632C00DDC25E /* PersonTableViewCell.xib */,
			);
			name = View;
			sourceTree = "<group>";
		};
		D97E72ED1E14316F001E1A8F /* Resources */ = {
			isa = PBXGroup;
			children = (
				D97E72EE1E14318C001E1A8F /* people.json */,
				D97E72F01E143217001E1A8F /* Bibliography.txt */,
			);
			name = Resources;
			sourceTree = "<group>";
		};
		D992E4041E0DE773003E93EB = {
			isa = PBXGroup;
			children = (
				D992E40F1E0DE774003E93EB /* Setbacks to Comebacks */,
				D992E4261E0DE774003E93EB /* Setbacks to ComebacksTests */,
				D992E4311E0DE774003E93EB /* Setbacks to ComebacksUITests */,
				D992E40E1E0DE774003E93EB /* Products */,
				50B7108505859698C872B992 /* Pods */,
				8F1E06D549E33E35D43E5D71 /* Frameworks */,
			);
			sourceTree = "<group>";
		};
		D992E40E1E0DE774003E93EB /* Products */ = {
			isa = PBXGroup;
			children = (
				D992E40D1E0DE774003E93EB /* Setbacks to Comebacks.app */,
				D992E4231E0DE774003E93EB /* Setbacks to ComebacksTests.xctest */,
				D992E42E1E0DE774003E93EB /* Setbacks to ComebacksUITests.xctest */,
			);
			name = Products;
			sourceTree = "<group>";
		};
		D992E40F1E0DE774003E93EB /* Setbacks to Comebacks */ = {
			isa = PBXGroup;
			children = (
				D992E4101E0DE774003E93EB /* AppDelegate.swift */,
				D942B9101E82C79900F8710C /* TabBarViewController.swift */,
				D9EA06071E0F5E7A003C7353 /* Model */,
				D97E72E81E141C00001E1A8F /* View */,
				D9EA06041E0F5E53003C7353 /* ViewControllers */,
				D97E72ED1E14316F001E1A8F /* Resources */,
				D992E41B1E0DE774003E93EB /* LaunchScreen.storyboard */,
				D992E41E1E0DE774003E93EB /* Info.plist */,
				D97623321E1174BE00BB290B /* To-Do & Strategy */,
			);
			path = "Setbacks to Comebacks";
			sourceTree = "<group>";
		};
		D992E4261E0DE774003E93EB /* Setbacks to ComebacksTests */ = {
			isa = PBXGroup;
			children = (
				D992E4271E0DE774003E93EB /* Setbacks_to_ComebacksTests.swift */,
				D992E4291E0DE774003E93EB /* Info.plist */,
			);
			path = "Setbacks to ComebacksTests";
			sourceTree = "<group>";
		};
		D992E4311E0DE774003E93EB /* Setbacks to ComebacksUITests */ = {
			isa = PBXGroup;
			children = (
				D992E4321E0DE774003E93EB /* Setbacks_to_ComebacksUITests.swift */,
				D992E4341E0DE774003E93EB /* Info.plist */,
			);
			path = "Setbacks to ComebacksUITests";
			sourceTree = "<group>";
		};
		D9EA06041E0F5E53003C7353 /* ViewControllers */ = {
			isa = PBXGroup;
			children = (
				D9EA06001E0F5DD4003C7353 /* HomeTableViewController.swift */,
				D9EA06021E0F5DEC003C7353 /* FavoritesTableViewController.swift */,
				D98FBA081E11FBA8008FB950 /* PersonDetailViewController.swift */,
				D942B9081E82C62A00F8710C /* Settings */,
			);
			name = ViewControllers;
			sourceTree = "<group>";
		};
		D9EA06071E0F5E7A003C7353 /* Model */ = {
			isa = PBXGroup;
			children = (
				D9EA06051E0F5E6E003C7353 /* Person.swift */,
				D97E72EB1E142546001E1A8F /* PeopleDataAccessObject.swift */,
				D93A5D171E80C01300DDC25E /* FavoritesData.swift */,
			);
			name = Model;
			sourceTree = "<group>";
		};
/* End PBXGroup section */

/* Begin PBXNativeTarget section */
		D992E40C1E0DE773003E93EB /* Setbacks to Comebacks */ = {
			isa = PBXNativeTarget;
			buildConfigurationList = D992E4371E0DE774003E93EB /* Build configuration list for PBXNativeTarget "Setbacks to Comebacks" */;
			buildPhases = (
				6728A75880AC971A2ABC965D /* [CP] Check Pods Manifest.lock */,
				D992E4091E0DE773003E93EB /* Sources */,
				D992E40A1E0DE773003E93EB /* Frameworks */,
				D992E40B1E0DE773003E93EB /* Resources */,
				D91F4D207A211968F28BF858 /* [CP] Embed Pods Frameworks */,
				4E9EA36E29E9F9EAEBA923F6 /* [CP] Copy Pods Resources */,
				D99F49D11E14B2D10023E2C6 /* ShellScript */,
			);
			buildRules = (
			);
			dependencies = (
			);
			name = "Setbacks to Comebacks";
			productName = "Setbacks to Comebacks";
			productReference = D992E40D1E0DE774003E93EB /* Setbacks to Comebacks.app */;
			productType = "com.apple.product-type.application";
		};
		D992E4221E0DE774003E93EB /* Setbacks to ComebacksTests */ = {
			isa = PBXNativeTarget;
			buildConfigurationList = D992E43A1E0DE774003E93EB /* Build configuration list for PBXNativeTarget "Setbacks to ComebacksTests" */;
			buildPhases = (
				936FB700FA662F4FCF05CEF6 /* [CP] Check Pods Manifest.lock */,
				D992E41F1E0DE774003E93EB /* Sources */,
				D992E4201E0DE774003E93EB /* Frameworks */,
				D992E4211E0DE774003E93EB /* Resources */,
				8AC2E8D5C62F2A0213C1AAD9 /* [CP] Embed Pods Frameworks */,
				001EB825561CAF1809FEB17E /* [CP] Copy Pods Resources */,
			);
			buildRules = (
			);
			dependencies = (
				D992E4251E0DE774003E93EB /* PBXTargetDependency */,
			);
			name = "Setbacks to ComebacksTests";
			productName = "Setbacks to ComebacksTests";
			productReference = D992E4231E0DE774003E93EB /* Setbacks to ComebacksTests.xctest */;
			productType = "com.apple.product-type.bundle.unit-test";
		};
		D992E42D1E0DE774003E93EB /* Setbacks to ComebacksUITests */ = {
			isa = PBXNativeTarget;
			buildConfigurationList = D992E43D1E0DE774003E93EB /* Build configuration list for PBXNativeTarget "Setbacks to ComebacksUITests" */;
			buildPhases = (
				C9FDE39B672C0946A151D6F1 /* [CP] Check Pods Manifest.lock */,
				D992E42A1E0DE774003E93EB /* Sources */,
				D992E42B1E0DE774003E93EB /* Frameworks */,
				D992E42C1E0DE774003E93EB /* Resources */,
				B55E174C071404F81CF1AE18 /* [CP] Embed Pods Frameworks */,
				295E68930BCFB624BBDCF9AF /* [CP] Copy Pods Resources */,
			);
			buildRules = (
			);
			dependencies = (
				D992E4301E0DE774003E93EB /* PBXTargetDependency */,
			);
			name = "Setbacks to ComebacksUITests";
			productName = "Setbacks to ComebacksUITests";
			productReference = D992E42E1E0DE774003E93EB /* Setbacks to ComebacksUITests.xctest */;
			productType = "com.apple.product-type.bundle.ui-testing";
		};
/* End PBXNativeTarget section */

/* Begin PBXProject section */
		D992E4051E0DE773003E93EB /* Project object */ = {
			isa = PBXProject;
			attributes = {
				LastSwiftUpdateCheck = 0820;
				LastUpgradeCheck = 0820;
				ORGANIZATIONNAME = "Terry Bu";
				TargetAttributes = {
					D992E40C1E0DE773003E93EB = {
						CreatedOnToolsVersion = 8.2.1;
						DevelopmentTeam = JJ62WG39RU;
						ProvisioningStyle = Automatic;
					};
					D992E4221E0DE774003E93EB = {
						CreatedOnToolsVersion = 8.2.1;
						DevelopmentTeam = JJ62WG39RU;
						ProvisioningStyle = Automatic;
						TestTargetID = D992E40C1E0DE773003E93EB;
					};
					D992E42D1E0DE774003E93EB = {
						CreatedOnToolsVersion = 8.2.1;
						DevelopmentTeam = JJ62WG39RU;
						ProvisioningStyle = Automatic;
						TestTargetID = D992E40C1E0DE773003E93EB;
					};
				};
			};
			buildConfigurationList = D992E4081E0DE773003E93EB /* Build configuration list for PBXProject "Setbacks to Comebacks" */;
			compatibilityVersion = "Xcode 3.2";
			developmentRegion = English;
			hasScannedForEncodings = 0;
			knownRegions = (
				en,
				Base,
			);
			mainGroup = D992E4041E0DE773003E93EB;
			productRefGroup = D992E40E1E0DE774003E93EB /* Products */;
			projectDirPath = "";
			projectRoot = "";
			targets = (
				D992E40C1E0DE773003E93EB /* Setbacks to Comebacks */,
				D992E4221E0DE774003E93EB /* Setbacks to ComebacksTests */,
				D992E42D1E0DE774003E93EB /* Setbacks to ComebacksUITests */,
			);
		};
/* End PBXProject section */

/* Begin PBXResourcesBuildPhase section */
		D992E40B1E0DE773003E93EB /* Resources */ = {
			isa = PBXResourcesBuildPhase;
			buildActionMask = 2147483647;
			files = (
				D97623331E1174BE00BB290B /* To-Do & Strategy in Resources */,
				D992E41D1E0DE774003E93EB /* LaunchScreen.storyboard in Resources */,
				D97E72F11E143217001E1A8F /* Bibliography.txt in Resources */,
				D93A5D1A1E81632C00DDC25E /* PersonTableViewCell.xib in Resources */,
				D97E72EF1E14318C001E1A8F /* people.json in Resources */,
				D992E41A1E0DE774003E93EB /* Assets.xcassets in Resources */,
				D942B90A1E82C62A00F8710C /* SettingsStoryboard.storyboard in Resources */,
				D992E4181E0DE774003E93EB /* Main.storyboard in Resources */,
			);
			runOnlyForDeploymentPostprocessing = 0;
		};
		D992E4211E0DE774003E93EB /* Resources */ = {
			isa = PBXResourcesBuildPhase;
			buildActionMask = 2147483647;
			files = (
			);
			runOnlyForDeploymentPostprocessing = 0;
		};
		D992E42C1E0DE774003E93EB /* Resources */ = {
			isa = PBXResourcesBuildPhase;
			buildActionMask = 2147483647;
			files = (
			);
			runOnlyForDeploymentPostprocessing = 0;
		};
/* End PBXResourcesBuildPhase section */

/* Begin PBXShellScriptBuildPhase section */
		001EB825561CAF1809FEB17E /* [CP] Copy Pods Resources */ = {
			isa = PBXShellScriptBuildPhase;
			buildActionMask = 2147483647;
			files = (
			);
			inputPaths = (
			);
			name = "[CP] Copy Pods Resources";
			outputPaths = (
			);
			runOnlyForDeploymentPostprocessing = 0;
			shellPath = /bin/sh;
			shellScript = "\"${SRCROOT}/Pods/Target Support Files/Pods-Setbacks to ComebacksTests/Pods-Setbacks to ComebacksTests-resources.sh\"\n";
			showEnvVarsInLog = 0;
		};
		295E68930BCFB624BBDCF9AF /* [CP] Copy Pods Resources */ = {
			isa = PBXShellScriptBuildPhase;
			buildActionMask = 2147483647;
			files = (
			);
			inputPaths = (
			);
			name = "[CP] Copy Pods Resources";
			outputPaths = (
			);
			runOnlyForDeploymentPostprocessing = 0;
			shellPath = /bin/sh;
			shellScript = "\"${SRCROOT}/Pods/Target Support Files/Pods-Setbacks to ComebacksUITests/Pods-Setbacks to ComebacksUITests-resources.sh\"\n";
			showEnvVarsInLog = 0;
		};
		4E9EA36E29E9F9EAEBA923F6 /* [CP] Copy Pods Resources */ = {
			isa = PBXShellScriptBuildPhase;
			buildActionMask = 2147483647;
			files = (
			);
			inputPaths = (
			);
			name = "[CP] Copy Pods Resources";
			outputPaths = (
			);
			runOnlyForDeploymentPostprocessing = 0;
			shellPath = /bin/sh;
			shellScript = "\"${SRCROOT}/Pods/Target Support Files/Pods-Setbacks to Comebacks/Pods-Setbacks to Comebacks-resources.sh\"\n";
			showEnvVarsInLog = 0;
		};
		6728A75880AC971A2ABC965D /* [CP] Check Pods Manifest.lock */ = {
			isa = PBXShellScriptBuildPhase;
			buildActionMask = 2147483647;
			files = (
			);
			inputPaths = (
			);
			name = "[CP] Check Pods Manifest.lock";
			outputPaths = (
			);
			runOnlyForDeploymentPostprocessing = 0;
			shellPath = /bin/sh;
			shellScript = "diff \"${PODS_ROOT}/../Podfile.lock\" \"${PODS_ROOT}/Manifest.lock\" > /dev/null\nif [ $? != 0 ] ; then\n    # print error to STDERR\n    echo \"error: The sandbox is not in sync with the Podfile.lock. Run 'pod install' or update your CocoaPods installation.\" >&2\n    exit 1\nfi\n";
			showEnvVarsInLog = 0;
		};
		8AC2E8D5C62F2A0213C1AAD9 /* [CP] Embed Pods Frameworks */ = {
			isa = PBXShellScriptBuildPhase;
			buildActionMask = 2147483647;
			files = (
			);
			inputPaths = (
			);
			name = "[CP] Embed Pods Frameworks";
			outputPaths = (
			);
			runOnlyForDeploymentPostprocessing = 0;
			shellPath = /bin/sh;
			shellScript = "\"${SRCROOT}/Pods/Target Support Files/Pods-Setbacks to ComebacksTests/Pods-Setbacks to ComebacksTests-frameworks.sh\"\n";
			showEnvVarsInLog = 0;
		};
		936FB700FA662F4FCF05CEF6 /* [CP] Check Pods Manifest.lock */ = {
			isa = PBXShellScriptBuildPhase;
			buildActionMask = 2147483647;
			files = (
			);
			inputPaths = (
			);
			name = "[CP] Check Pods Manifest.lock";
			outputPaths = (
			);
			runOnlyForDeploymentPostprocessing = 0;
			shellPath = /bin/sh;
			shellScript = "diff \"${PODS_ROOT}/../Podfile.lock\" \"${PODS_ROOT}/Manifest.lock\" > /dev/null\nif [ $? != 0 ] ; then\n    # print error to STDERR\n    echo \"error: The sandbox is not in sync with the Podfile.lock. Run 'pod install' or update your CocoaPods installation.\" >&2\n    exit 1\nfi\n";
			showEnvVarsInLog = 0;
		};
		B55E174C071404F81CF1AE18 /* [CP] Embed Pods Frameworks */ = {
			isa = PBXShellScriptBuildPhase;
			buildActionMask = 2147483647;
			files = (
			);
			inputPaths = (
			);
			name = "[CP] Embed Pods Frameworks";
			outputPaths = (
			);
			runOnlyForDeploymentPostprocessing = 0;
			shellPath = /bin/sh;
			shellScript = "\"${SRCROOT}/Pods/Target Support Files/Pods-Setbacks to ComebacksUITests/Pods-Setbacks to ComebacksUITests-frameworks.sh\"\n";
			showEnvVarsInLog = 0;
		};
		C9FDE39B672C0946A151D6F1 /* [CP] Check Pods Manifest.lock */ = {
			isa = PBXShellScriptBuildPhase;
			buildActionMask = 2147483647;
			files = (
			);
			inputPaths = (
			);
			name = "[CP] Check Pods Manifest.lock";
			outputPaths = (
			);
			runOnlyForDeploymentPostprocessing = 0;
			shellPath = /bin/sh;
			shellScript = "diff \"${PODS_ROOT}/../Podfile.lock\" \"${PODS_ROOT}/Manifest.lock\" > /dev/null\nif [ $? != 0 ] ; then\n    # print error to STDERR\n    echo \"error: The sandbox is not in sync with the Podfile.lock. Run 'pod install' or update your CocoaPods installation.\" >&2\n    exit 1\nfi\n";
			showEnvVarsInLog = 0;
		};
		D91F4D207A211968F28BF858 /* [CP] Embed Pods Frameworks */ = {
			isa = PBXShellScriptBuildPhase;
			buildActionMask = 2147483647;
			files = (
			);
			inputPaths = (
			);
			name = "[CP] Embed Pods Frameworks";
			outputPaths = (
			);
			runOnlyForDeploymentPostprocessing = 0;
			shellPath = /bin/sh;
			shellScript = "\"${SRCROOT}/Pods/Target Support Files/Pods-Setbacks to Comebacks/Pods-Setbacks to Comebacks-frameworks.sh\"\n";
			showEnvVarsInLog = 0;
		};
		D99F49D11E14B2D10023E2C6 /* ShellScript */ = {
			isa = PBXShellScriptBuildPhase;
			buildActionMask = 2147483647;
			files = (
			);
			inputPaths = (
			);
			outputPaths = (
			);
			runOnlyForDeploymentPostprocessing = 0;
			shellPath = /bin/sh;
			shellScript = "";
		};
/* End PBXShellScriptBuildPhase section */

/* Begin PBXSourcesBuildPhase section */
		D992E4091E0DE773003E93EB /* Sources */ = {
			isa = PBXSourcesBuildPhase;
			buildActionMask = 2147483647;
			files = (
				D97E72EA1E141F2B001E1A8F /* PersonTableViewCell.swift in Sources */,
				D9EA06011E0F5DD4003C7353 /* HomeTableViewController.swift in Sources */,
				D9EA06031E0F5DEC003C7353 /* FavoritesTableViewController.swift in Sources */,
				D93A5D181E80C01300DDC25E /* FavoritesData.swift in Sources */,
				D9EA06061E0F5E6E003C7353 /* Person.swift in Sources */,
				D98FBA0A1E11FBA8008FB950 /* PersonDetailViewController.swift in Sources */,
				D942B90B1E82C62A00F8710C /* SettingsTableViewController.swift in Sources */,
				D992E4111E0DE774003E93EB /* AppDelegate.swift in Sources */,
				D942B90C1E82C62A00F8710C /* FontSizeTableViewController.swift in Sources */,
				D97E72EC1E142546001E1A8F /* PeopleDataAccessObject.swift in Sources */,
				D942B9091E82C62A00F8710C /* SettingsManager.swift in Sources */,
				D942B90F1E82C62A00F8710C /* NightModeTableViewCell.swift in Sources */,
				D942B90D1E82C62A00F8710C /* FontSizeTableViewCell.swift in Sources */,
				D942B9111E82C79900F8710C /* TabBarViewController.swift in Sources */,
				D942B90E1E82C62A00F8710C /* NightModeViewController.swift in Sources */,
			);
			runOnlyForDeploymentPostprocessing = 0;
		};
		D992E41F1E0DE774003E93EB /* Sources */ = {
			isa = PBXSourcesBuildPhase;
			buildActionMask = 2147483647;
			files = (
				D992E4281E0DE774003E93EB /* Setbacks_to_ComebacksTests.swift in Sources */,
			);
			runOnlyForDeploymentPostprocessing = 0;
		};
		D992E42A1E0DE774003E93EB /* Sources */ = {
			isa = PBXSourcesBuildPhase;
			buildActionMask = 2147483647;
			files = (
				D992E4331E0DE774003E93EB /* Setbacks_to_ComebacksUITests.swift in Sources */,
			);
			runOnlyForDeploymentPostprocessing = 0;
		};
/* End PBXSourcesBuildPhase section */

/* Begin PBXTargetDependency section */
		D992E4251E0DE774003E93EB /* PBXTargetDependency */ = {
			isa = PBXTargetDependency;
			target = D992E40C1E0DE773003E93EB /* Setbacks to Comebacks */;
			targetProxy = D992E4241E0DE774003E93EB /* PBXContainerItemProxy */;
		};
		D992E4301E0DE774003E93EB /* PBXTargetDependency */ = {
			isa = PBXTargetDependency;
			target = D992E40C1E0DE773003E93EB /* Setbacks to Comebacks */;
			targetProxy = D992E42F1E0DE774003E93EB /* PBXContainerItemProxy */;
		};
/* End PBXTargetDependency section */

/* Begin PBXVariantGroup section */
		D992E4161E0DE774003E93EB /* Main.storyboard */ = {
			isa = PBXVariantGroup;
			children = (
				D992E4171E0DE774003E93EB /* Base */,
			);
			name = Main.storyboard;
			sourceTree = "<group>";
		};
		D992E41B1E0DE774003E93EB /* LaunchScreen.storyboard */ = {
			isa = PBXVariantGroup;
			children = (
				D992E41C1E0DE774003E93EB /* Base */,
			);
			name = LaunchScreen.storyboard;
			sourceTree = "<group>";
		};
/* End PBXVariantGroup section */

/* Begin XCBuildConfiguration section */
		D992E4351E0DE774003E93EB /* Debug */ = {
			isa = XCBuildConfiguration;
			buildSettings = {
				ALWAYS_SEARCH_USER_PATHS = NO;
				CLANG_ANALYZER_NONNULL = YES;
				CLANG_CXX_LANGUAGE_STANDARD = "gnu++0x";
				CLANG_CXX_LIBRARY = "libc++";
				CLANG_ENABLE_MODULES = YES;
				CLANG_ENABLE_OBJC_ARC = YES;
				CLANG_WARN_BOOL_CONVERSION = YES;
				CLANG_WARN_CONSTANT_CONVERSION = YES;
				CLANG_WARN_DIRECT_OBJC_ISA_USAGE = YES_ERROR;
				CLANG_WARN_DOCUMENTATION_COMMENTS = YES;
				CLANG_WARN_EMPTY_BODY = YES;
				CLANG_WARN_ENUM_CONVERSION = YES;
				CLANG_WARN_INFINITE_RECURSION = YES;
				CLANG_WARN_INT_CONVERSION = YES;
				CLANG_WARN_OBJC_ROOT_CLASS = YES_ERROR;
				CLANG_WARN_SUSPICIOUS_MOVE = YES;
				CLANG_WARN_UNREACHABLE_CODE = YES;
				CLANG_WARN__DUPLICATE_METHOD_MATCH = YES;
				"CODE_SIGN_IDENTITY[sdk=iphoneos*]" = "iPhone Developer";
				COPY_PHASE_STRIP = NO;
				DEBUG_INFORMATION_FORMAT = dwarf;
				ENABLE_STRICT_OBJC_MSGSEND = YES;
				ENABLE_TESTABILITY = YES;
				GCC_C_LANGUAGE_STANDARD = gnu99;
				GCC_DYNAMIC_NO_PIC = NO;
				GCC_NO_COMMON_BLOCKS = YES;
				GCC_OPTIMIZATION_LEVEL = 0;
				GCC_PREPROCESSOR_DEFINITIONS = (
					"DEBUG=1",
					"$(inherited)",
				);
				GCC_WARN_64_TO_32_BIT_CONVERSION = YES;
				GCC_WARN_ABOUT_RETURN_TYPE = YES_ERROR;
				GCC_WARN_UNDECLARED_SELECTOR = YES;
				GCC_WARN_UNINITIALIZED_AUTOS = YES_AGGRESSIVE;
				GCC_WARN_UNUSED_FUNCTION = YES;
				GCC_WARN_UNUSED_VARIABLE = YES;
				IPHONEOS_DEPLOYMENT_TARGET = 10.2;
				MTL_ENABLE_DEBUG_INFO = YES;
				ONLY_ACTIVE_ARCH = YES;
				SDKROOT = iphoneos;
				SWIFT_ACTIVE_COMPILATION_CONDITIONS = DEBUG;
				SWIFT_OPTIMIZATION_LEVEL = "-Onone";
				TARGETED_DEVICE_FAMILY = "1,2";
			};
			name = Debug;
		};
		D992E4361E0DE774003E93EB /* Release */ = {
			isa = XCBuildConfiguration;
			buildSettings = {
				ALWAYS_SEARCH_USER_PATHS = NO;
				CLANG_ANALYZER_NONNULL = YES;
				CLANG_CXX_LANGUAGE_STANDARD = "gnu++0x";
				CLANG_CXX_LIBRARY = "libc++";
				CLANG_ENABLE_MODULES = YES;
				CLANG_ENABLE_OBJC_ARC = YES;
				CLANG_WARN_BOOL_CONVERSION = YES;
				CLANG_WARN_CONSTANT_CONVERSION = YES;
				CLANG_WARN_DIRECT_OBJC_ISA_USAGE = YES_ERROR;
				CLANG_WARN_DOCUMENTATION_COMMENTS = YES;
				CLANG_WARN_EMPTY_BODY = YES;
				CLANG_WARN_ENUM_CONVERSION = YES;
				CLANG_WARN_INFINITE_RECURSION = YES;
				CLANG_WARN_INT_CONVERSION = YES;
				CLANG_WARN_OBJC_ROOT_CLASS = YES_ERROR;
				CLANG_WARN_SUSPICIOUS_MOVE = YES;
				CLANG_WARN_UNREACHABLE_CODE = YES;
				CLANG_WARN__DUPLICATE_METHOD_MATCH = YES;
				"CODE_SIGN_IDENTITY[sdk=iphoneos*]" = "iPhone Developer";
				COPY_PHASE_STRIP = NO;
				DEBUG_INFORMATION_FORMAT = "dwarf-with-dsym";
				ENABLE_NS_ASSERTIONS = NO;
				ENABLE_STRICT_OBJC_MSGSEND = YES;
				GCC_C_LANGUAGE_STANDARD = gnu99;
				GCC_NO_COMMON_BLOCKS = YES;
				GCC_WARN_64_TO_32_BIT_CONVERSION = YES;
				GCC_WARN_ABOUT_RETURN_TYPE = YES_ERROR;
				GCC_WARN_UNDECLARED_SELECTOR = YES;
				GCC_WARN_UNINITIALIZED_AUTOS = YES_AGGRESSIVE;
				GCC_WARN_UNUSED_FUNCTION = YES;
				GCC_WARN_UNUSED_VARIABLE = YES;
				IPHONEOS_DEPLOYMENT_TARGET = 10.2;
				MTL_ENABLE_DEBUG_INFO = NO;
				SDKROOT = iphoneos;
				SWIFT_OPTIMIZATION_LEVEL = "-Owholemodule";
				TARGETED_DEVICE_FAMILY = "1,2";
				VALIDATE_PRODUCT = YES;
			};
			name = Release;
		};
		D992E4381E0DE774003E93EB /* Debug */ = {
			isa = XCBuildConfiguration;
			baseConfigurationReference = FB6E9E62B29A389F75CA41AB /* Pods-Setbacks to Comebacks.debug.xcconfig */;
			buildSettings = {
				ALWAYS_EMBED_SWIFT_STANDARD_LIBRARIES = YES;
				ASSETCATALOG_COMPILER_APPICON_NAME = AppIcon;
				DEVELOPMENT_TEAM = JJ62WG39RU;
				INFOPLIST_FILE = "Setbacks to Comebacks/Info.plist";
				LD_RUNPATH_SEARCH_PATHS = "$(inherited) @executable_path/Frameworks";
				PRODUCT_BUNDLE_IDENTIFIER = "com.terrybu.Setbacks-to-Comebacks";
				PRODUCT_NAME = "$(TARGET_NAME)";
				SWIFT_VERSION = 3.0;
			};
			name = Debug;
		};
		D992E4391E0DE774003E93EB /* Release */ = {
			isa = XCBuildConfiguration;
			baseConfigurationReference = E0D379102B621F351D77D7BD /* Pods-Setbacks to Comebacks.release.xcconfig */;
			buildSettings = {
				ALWAYS_EMBED_SWIFT_STANDARD_LIBRARIES = YES;
				ASSETCATALOG_COMPILER_APPICON_NAME = AppIcon;
				DEVELOPMENT_TEAM = JJ62WG39RU;
				INFOPLIST_FILE = "Setbacks to Comebacks/Info.plist";
				LD_RUNPATH_SEARCH_PATHS = "$(inherited) @executable_path/Frameworks";
				PRODUCT_BUNDLE_IDENTIFIER = "com.terrybu.Setbacks-to-Comebacks";
				PRODUCT_NAME = "$(TARGET_NAME)";
				SWIFT_VERSION = 3.0;
			};
			name = Release;
		};
		D992E43B1E0DE774003E93EB /* Debug */ = {
			isa = XCBuildConfiguration;
			baseConfigurationReference = EC18DBFE96FE46510E2071D5 /* Pods-Setbacks to ComebacksTests.debug.xcconfig */;
			buildSettings = {
				ALWAYS_EMBED_SWIFT_STANDARD_LIBRARIES = "$(inherited)";
				BUNDLE_LOADER = "$(TEST_HOST)";
				DEVELOPMENT_TEAM = JJ62WG39RU;
				INFOPLIST_FILE = "Setbacks to ComebacksTests/Info.plist";
				LD_RUNPATH_SEARCH_PATHS = "$(inherited) @executable_path/Frameworks @loader_path/Frameworks";
				PRODUCT_BUNDLE_IDENTIFIER = "com.terrybu.Setbacks-to-ComebacksTests";
				PRODUCT_NAME = "$(TARGET_NAME)";
				SWIFT_VERSION = 3.0;
				TEST_HOST = "$(BUILT_PRODUCTS_DIR)/Setbacks to Comebacks.app/Setbacks to Comebacks";
			};
			name = Debug;
		};
		D992E43C1E0DE774003E93EB /* Release */ = {
			isa = XCBuildConfiguration;
			baseConfigurationReference = 33B4E461E7336C4CCC497092 /* Pods-Setbacks to ComebacksTests.release.xcconfig */;
			buildSettings = {
				ALWAYS_EMBED_SWIFT_STANDARD_LIBRARIES = "$(inherited)";
				BUNDLE_LOADER = "$(TEST_HOST)";
				DEVELOPMENT_TEAM = JJ62WG39RU;
				INFOPLIST_FILE = "Setbacks to ComebacksTests/Info.plist";
				LD_RUNPATH_SEARCH_PATHS = "$(inherited) @executable_path/Frameworks @loader_path/Frameworks";
				PRODUCT_BUNDLE_IDENTIFIER = "com.terrybu.Setbacks-to-ComebacksTests";
				PRODUCT_NAME = "$(TARGET_NAME)";
				SWIFT_VERSION = 3.0;
				TEST_HOST = "$(BUILT_PRODUCTS_DIR)/Setbacks to Comebacks.app/Setbacks to Comebacks";
			};
			name = Release;
		};
		D992E43E1E0DE774003E93EB /* Debug */ = {
			isa = XCBuildConfiguration;
			baseConfigurationReference = 68B24E7FE9765399A7AD2390 /* Pods-Setbacks to ComebacksUITests.debug.xcconfig */;
			buildSettings = {
				ALWAYS_EMBED_SWIFT_STANDARD_LIBRARIES = "$(inherited)";
				DEVELOPMENT_TEAM = JJ62WG39RU;
				INFOPLIST_FILE = "Setbacks to ComebacksUITests/Info.plist";
				LD_RUNPATH_SEARCH_PATHS = "$(inherited) @executable_path/Frameworks @loader_path/Frameworks";
				PRODUCT_BUNDLE_IDENTIFIER = "com.terrybu.Setbacks-to-ComebacksUITests";
				PRODUCT_NAME = "$(TARGET_NAME)";
				SWIFT_VERSION = 3.0;
				TEST_TARGET_NAME = "Setbacks to Comebacks";
			};
			name = Debug;
		};
		D992E43F1E0DE774003E93EB /* Release */ = {
			isa = XCBuildConfiguration;
			baseConfigurationReference = CA3DECCBF7FA9DD50E900E15 /* Pods-Setbacks to ComebacksUITests.release.xcconfig */;
			buildSettings = {
				ALWAYS_EMBED_SWIFT_STANDARD_LIBRARIES = "$(inherited)";
				DEVELOPMENT_TEAM = JJ62WG39RU;
				INFOPLIST_FILE = "Setbacks to ComebacksUITests/Info.plist";
				LD_RUNPATH_SEARCH_PATHS = "$(inherited) @executable_path/Frameworks @loader_path/Frameworks";
				PRODUCT_BUNDLE_IDENTIFIER = "com.terrybu.Setbacks-to-ComebacksUITests";
				PRODUCT_NAME = "$(TARGET_NAME)";
				SWIFT_VERSION = 3.0;
				TEST_TARGET_NAME = "Setbacks to Comebacks";
			};
			name = Release;
		};
/* End XCBuildConfiguration section */

/* Begin XCConfigurationList section */
		D992E4081E0DE773003E93EB /* Build configuration list for PBXProject "Setbacks to Comebacks" */ = {
			isa = XCConfigurationList;
			buildConfigurations = (
				D992E4351E0DE774003E93EB /* Debug */,
				D992E4361E0DE774003E93EB /* Release */,
			);
			defaultConfigurationIsVisible = 0;
			defaultConfigurationName = Release;
		};
		D992E4371E0DE774003E93EB /* Build configuration list for PBXNativeTarget "Setbacks to Comebacks" */ = {
			isa = XCConfigurationList;
			buildConfigurations = (
				D992E4381E0DE774003E93EB /* Debug */,
				D992E4391E0DE774003E93EB /* Release */,
			);
			defaultConfigurationIsVisible = 0;
			defaultConfigurationName = Release;
		};
		D992E43A1E0DE774003E93EB /* Build configuration list for PBXNativeTarget "Setbacks to ComebacksTests" */ = {
			isa = XCConfigurationList;
			buildConfigurations = (
				D992E43B1E0DE774003E93EB /* Debug */,
				D992E43C1E0DE774003E93EB /* Release */,
			);
			defaultConfigurationIsVisible = 0;
			defaultConfigurationName = Release;
		};
		D992E43D1E0DE774003E93EB /* Build configuration list for PBXNativeTarget "Setbacks to ComebacksUITests" */ = {
			isa = XCConfigurationList;
			buildConfigurations = (
				D992E43E1E0DE774003E93EB /* Debug */,
				D992E43F1E0DE774003E93EB /* Release */,
			);
			defaultConfigurationIsVisible = 0;
			defaultConfigurationName = Release;
		};
/* End XCConfigurationList section */
	};
	rootObject = D992E4051E0DE773003E93EB /* Project object */;
}
