// !$*UTF8*$!
{
	archiveVersion = 1;
	classes = {
	};
	objectVersion = 46;
	objects = {

/* Begin PBXBuildFile section */
		D97623331E1174BE00BB290B /* To-Do & Strategy in Resources */ = {isa = PBXBuildFile; fileRef = D97623321E1174BE00BB290B /* To-Do & Strategy */; };
		D98FBA0A1E11FBA8008FB950 /* PersonDetailViewController.swift in Sources */ = {isa = PBXBuildFile; fileRef = D98FBA081E11FBA8008FB950 /* PersonDetailViewController.swift */; };
		D98FBA0B1E11FBA8008FB950 /* PersonDetailViewController.xib in Resources */ = {isa = PBXBuildFile; fileRef = D98FBA091E11FBA8008FB950 /* PersonDetailViewController.xib */; };
		D992E4111E0DE774003E93EB /* AppDelegate.swift in Sources */ = {isa = PBXBuildFile; fileRef = D992E4101E0DE774003E93EB /* AppDelegate.swift */; };
		D992E4181E0DE774003E93EB /* Main.storyboard in Resources */ = {isa = PBXBuildFile; fileRef = D992E4161E0DE774003E93EB /* Main.storyboard */; };
		D992E41A1E0DE774003E93EB /* Assets.xcassets in Resources */ = {isa = PBXBuildFile; fileRef = D992E4191E0DE774003E93EB /* Assets.xcassets */; };
		D992E41D1E0DE774003E93EB /* LaunchScreen.storyboard in Resources */ = {isa = PBXBuildFile; fileRef = D992E41B1E0DE774003E93EB /* LaunchScreen.storyboard */; };
		D992E4281E0DE774003E93EB /* Setbacks_to_ComebacksTests.swift in Sources */ = {isa = PBXBuildFile; fileRef = D992E4271E0DE774003E93EB /* Setbacks_to_ComebacksTests.swift */; };
		D992E4331E0DE774003E93EB /* Setbacks_to_ComebacksUITests.swift in Sources */ = {isa = PBXBuildFile; fileRef = D992E4321E0DE774003E93EB /* Setbacks_to_ComebacksUITests.swift */; };
		D9EA06011E0F5DD4003C7353 /* HomeTableViewController.swift in Sources */ = {isa = PBXBuildFile; fileRef = D9EA06001E0F5DD4003C7353 /* HomeTableViewController.swift */; };
		D9EA06031E0F5DEC003C7353 /* FavoritesViewController.swift in Sources */ = {isa = PBXBuildFile; fileRef = D9EA06021E0F5DEC003C7353 /* FavoritesViewController.swift */; };
		D9EA06061E0F5E6E003C7353 /* Person.swift in Sources */ = {isa = PBXBuildFile; fileRef = D9EA06051E0F5E6E003C7353 /* Person.swift */; };
/* End PBXBuildFile section */

/* Begin PBXContainerItemProxy section */
		D992E4241E0DE774003E93EB /* PBXContainerItemProxy */ = {
			isa = PBXContainerItemProxy;
			containerPortal = D992E4051E0DE773003E93EB /* Project object */;
			proxyType = 1;
			remoteGlobalIDString = D992E40C1E0DE773003E93EB;
			remoteInfo = "Setbacks to Comebacks";
		};
		D992E42F1E0DE774003E93EB /* PBXContainerItemProxy */ = {
			isa = PBXContainerItemProxy;
			containerPortal = D992E4051E0DE773003E93EB /* Project object */;
			proxyType = 1;
			remoteGlobalIDString = D992E40C1E0DE773003E93EB;
			remoteInfo = "Setbacks to Comebacks";
		};
/* End PBXContainerItemProxy section */

/* Begin PBXFileReference section */
		D97623321E1174BE00BB290B /* To-Do & Strategy */ = {isa = PBXFileReference; fileEncoding = 4; lastKnownFileType = text; path = "To-Do & Strategy"; sourceTree = "<group>"; };
		D98FBA081E11FBA8008FB950 /* PersonDetailViewController.swift */ = {isa = PBXFileReference; fileEncoding = 4; lastKnownFileType = sourcecode.swift; path = PersonDetailViewController.swift; sourceTree = "<group>"; };
		D98FBA091E11FBA8008FB950 /* PersonDetailViewController.xib */ = {isa = PBXFileReference; fileEncoding = 4; lastKnownFileType = file.xib; path = PersonDetailViewController.xib; sourceTree = "<group>"; };
		D992E40D1E0DE774003E93EB /* Setbacks to Comebacks.app */ = {isa = PBXFileReference; explicitFileType = wrapper.application; includeInIndex = 0; path = "Setbacks to Comebacks.app"; sourceTree = BUILT_PRODUCTS_DIR; };
		D992E4101E0DE774003E93EB /* AppDelegate.swift */ = {isa = PBXFileReference; lastKnownFileType = sourcecode.swift; path = AppDelegate.swift; sourceTree = "<group>"; };
		D992E4171E0DE774003E93EB /* Base */ = {isa = PBXFileReference; lastKnownFileType = file.storyboard; name = Base; path = Base.lproj/Main.storyboard; sourceTree = "<group>"; };
		D992E4191E0DE774003E93EB /* Assets.xcassets */ = {isa = PBXFileReference; lastKnownFileType = folder.assetcatalog; path = Assets.xcassets; sourceTree = "<group>"; };
		D992E41C1E0DE774003E93EB /* Base */ = {isa = PBXFileReference; lastKnownFileType = file.storyboard; name = Base; path = Base.lproj/LaunchScreen.storyboard; sourceTree = "<group>"; };
		D992E41E1E0DE774003E93EB /* Info.plist */ = {isa = PBXFileReference; lastKnownFileType = text.plist.xml; path = Info.plist; sourceTree = "<group>"; };
		D992E4231E0DE774003E93EB /* Setbacks to ComebacksTests.xctest */ = {isa = PBXFileReference; explicitFileType = wrapper.cfbundle; includeInIndex = 0; path = "Setbacks to ComebacksTests.xctest"; sourceTree = BUILT_PRODUCTS_DIR; };
		D992E4271E0DE774003E93EB /* Setbacks_to_ComebacksTests.swift */ = {isa = PBXFileReference; lastKnownFileType = sourcecode.swift; path = Setbacks_to_ComebacksTests.swift; sourceTree = "<group>"; };
		D992E4291E0DE774003E93EB /* Info.plist */ = {isa = PBXFileReference; lastKnownFileType = text.plist.xml; path = Info.plist; sourceTree = "<group>"; };
		D992E42E1E0DE774003E93EB /* Setbacks to ComebacksUITests.xctest */ = {isa = PBXFileReference; explicitFileType = wrapper.cfbundle; includeInIndex = 0; path = "Setbacks to ComebacksUITests.xctest"; sourceTree = BUILT_PRODUCTS_DIR; };
		D992E4321E0DE774003E93EB /* Setbacks_to_ComebacksUITests.swift */ = {isa = PBXFileReference; lastKnownFileType = sourcecode.swift; path = Setbacks_to_ComebacksUITests.swift; sourceTree = "<group>"; };
		D992E4341E0DE774003E93EB /* Info.plist */ = {isa = PBXFileReference; lastKnownFileType = text.plist.xml; path = Info.plist; sourceTree = "<group>"; };
		D9EA06001E0F5DD4003C7353 /* HomeTableViewController.swift */ = {isa = PBXFileReference; fileEncoding = 4; lastKnownFileType = sourcecode.swift; path = HomeTableViewController.swift; sourceTree = "<group>"; };
		D9EA06021E0F5DEC003C7353 /* FavoritesViewController.swift */ = {isa = PBXFileReference; fileEncoding = 4; lastKnownFileType = sourcecode.swift; path = FavoritesViewController.swift; sourceTree = "<group>"; };
		D9EA06051E0F5E6E003C7353 /* Person.swift */ = {isa = PBXFileReference; fileEncoding = 4; lastKnownFileType = sourcecode.swift; path = Person.swift; sourceTree = "<group>"; };
/* End PBXFileReference section */

/* Begin PBXFrameworksBuildPhase section */
		D992E40A1E0DE773003E93EB /* Frameworks */ = {
			isa = PBXFrameworksBuildPhase;
			buildActionMask = 2147483647;
			files = (
			);
			runOnlyForDeploymentPostprocessing = 0;
		};
		D992E4201E0DE774003E93EB /* Frameworks */ = {
			isa = PBXFrameworksBuildPhase;
			buildActionMask = 2147483647;
			files = (
			);
			runOnlyForDeploymentPostprocessing = 0;
		};
		D992E42B1E0DE774003E93EB /* Frameworks */ = {
			isa = PBXFrameworksBuildPhase;
			buildActionMask = 2147483647;
			files = (
			);
			runOnlyForDeploymentPostprocessing = 0;
		};
/* End PBXFrameworksBuildPhase section */

/* Begin PBXGroup section */
		D992E4041E0DE773003E93EB = {
			isa = PBXGroup;
			children = (
				D992E40F1E0DE774003E93EB /* Setbacks to Comebacks */,
				D992E4261E0DE774003E93EB /* Setbacks to ComebacksTests */,
				D992E4311E0DE774003E93EB /* Setbacks to ComebacksUITests */,
				D992E40E1E0DE774003E93EB /* Products */,
			);
			sourceTree = "<group>";
		};
		D992E40E1E0DE774003E93EB /* Products */ = {
			isa = PBXGroup;
			children = (
				D992E40D1E0DE774003E93EB /* Setbacks to Comebacks.app */,
				D992E4231E0DE774003E93EB /* Setbacks to ComebacksTests.xctest */,
				D992E42E1E0DE774003E93EB /* Setbacks to ComebacksUITests.xctest */,
			);
			name = Products;
			sourceTree = "<group>";
		};
		D992E40F1E0DE774003E93EB /* Setbacks to Comebacks */ = {
			isa = PBXGroup;
			children = (
				D992E4101E0DE774003E93EB /* AppDelegate.swift */,
				D992E4161E0DE774003E93EB /* Main.storyboard */,
				D9EA06071E0F5E7A003C7353 /* Model */,
				D9EA06041E0F5E53003C7353 /* Controller */,
				D992E4191E0DE774003E93EB /* Assets.xcassets */,
				D992E41B1E0DE774003E93EB /* LaunchScreen.storyboard */,
				D992E41E1E0DE774003E93EB /* Info.plist */,
				D97623321E1174BE00BB290B /* To-Do & Strategy */,
			);
			path = "Setbacks to Comebacks";
			sourceTree = "<group>";
		};
		D992E4261E0DE774003E93EB /* Setbacks to ComebacksTests */ = {
			isa = PBXGroup;
			children = (
				D992E4271E0DE774003E93EB /* Setbacks_to_ComebacksTests.swift */,
				D992E4291E0DE774003E93EB /* Info.plist */,
			);
			path = "Setbacks to ComebacksTests";
			sourceTree = "<group>";
		};
		D992E4311E0DE774003E93EB /* Setbacks to ComebacksUITests */ = {
			isa = PBXGroup;
			children = (
				D992E4321E0DE774003E93EB /* Setbacks_to_ComebacksUITests.swift */,
				D992E4341E0DE774003E93EB /* Info.plist */,
			);
			path = "Setbacks to ComebacksUITests";
			sourceTree = "<group>";
		};
		D9EA06041E0F5E53003C7353 /* Controller */ = {
			isa = PBXGroup;
			children = (
				D9EA06001E0F5DD4003C7353 /* HomeTableViewController.swift */,
				D98FBA081E11FBA8008FB950 /* PersonDetailViewController.swift */,
				D98FBA091E11FBA8008FB950 /* PersonDetailViewController.xib */,
				D9EA06021E0F5DEC003C7353 /* FavoritesViewController.swift */,
			);
			name = Controller;
			sourceTree = "<group>";
		};
		D9EA06071E0F5E7A003C7353 /* Model */ = {
			isa = PBXGroup;
			children = (
				D9EA06051E0F5E6E003C7353 /* Person.swift */,
			);
			name = Model;
			sourceTree = "<group>";
		};
/* End PBXGroup section */

/* Begin PBXNativeTarget section */
		D992E40C1E0DE773003E93EB /* Setbacks to Comebacks */ = {
			isa = PBXNativeTarget;
			buildConfigurationList = D992E4371E0DE774003E93EB /* Build configuration list for PBXNativeTarget "Setbacks to Comebacks" */;
			buildPhases = (
				D992E4091E0DE773003E93EB /* Sources */,
				D992E40A1E0DE773003E93EB /* Frameworks */,
				D992E40B1E0DE773003E93EB /* Resources */,
			);
			buildRules = (
			);
			dependencies = (
			);
			name = "Setbacks to Comebacks";
			productName = "Setbacks to Comebacks";
			productReference = D992E40D1E0DE774003E93EB /* Setbacks to Comebacks.app */;
			productType = "com.apple.product-type.application";
		};
		D992E4221E0DE774003E93EB /* Setbacks to ComebacksTests */ = {
			isa = PBXNativeTarget;
			buildConfigurationList = D992E43A1E0DE774003E93EB /* Build configuration list for PBXNativeTarget "Setbacks to ComebacksTests" */;
			buildPhases = (
				D992E41F1E0DE774003E93EB /* Sources */,
				D992E4201E0DE774003E93EB /* Frameworks */,
				D992E4211E0DE774003E93EB /* Resources */,
			);
			buildRules = (
			);
			dependencies = (
				D992E4251E0DE774003E93EB /* PBXTargetDependency */,
			);
			name = "Setbacks to ComebacksTests";
			productName = "Setbacks to ComebacksTests";
			productReference = D992E4231E0DE774003E93EB /* Setbacks to ComebacksTests.xctest */;
			productType = "com.apple.product-type.bundle.unit-test";
		};
		D992E42D1E0DE774003E93EB /* Setbacks to ComebacksUITests */ = {
			isa = PBXNativeTarget;
			buildConfigurationList = D992E43D1E0DE774003E93EB /* Build configuration list for PBXNativeTarget "Setbacks to ComebacksUITests" */;
			buildPhases = (
				D992E42A1E0DE774003E93EB /* Sources */,
				D992E42B1E0DE774003E93EB /* Frameworks */,
				D992E42C1E0DE774003E93EB /* Resources */,
			);
			buildRules = (
			);
			dependencies = (
				D992E4301E0DE774003E93EB /* PBXTargetDependency */,
			);
			name = "Setbacks to ComebacksUITests";
			productName = "Setbacks to ComebacksUITests";
			productReference = D992E42E1E0DE774003E93EB /* Setbacks to ComebacksUITests.xctest */;
			productType = "com.apple.product-type.bundle.ui-testing";
		};
/* End PBXNativeTarget section */

/* Begin PBXProject section */
		D992E4051E0DE773003E93EB /* Project object */ = {
			isa = PBXProject;
			attributes = {
				LastSwiftUpdateCheck = 0820;
				LastUpgradeCheck = 0820;
				ORGANIZATIONNAME = "Terry Bu";
				TargetAttributes = {
					D992E40C1E0DE773003E93EB = {
						CreatedOnToolsVersion = 8.2.1;
						DevelopmentTeam = JJ62WG39RU;
						ProvisioningStyle = Automatic;
					};
					D992E4221E0DE774003E93EB = {
						CreatedOnToolsVersion = 8.2.1;
						DevelopmentTeam = JJ62WG39RU;
						ProvisioningStyle = Automatic;
						TestTargetID = D992E40C1E0DE773003E93EB;
					};
					D992E42D1E0DE774003E93EB = {
						CreatedOnToolsVersion = 8.2.1;
						DevelopmentTeam = JJ62WG39RU;
						ProvisioningStyle = Automatic;
						TestTargetID = D992E40C1E0DE773003E93EB;
					};
				};
			};
			buildConfigurationList = D992E4081E0DE773003E93EB /* Build configuration list for PBXProject "Setbacks to Comebacks" */;
			compatibilityVersion = "Xcode 3.2";
			developmentRegion = English;
			hasScannedForEncodings = 0;
			knownRegions = (
				en,
				Base,
			);
			mainGroup = D992E4041E0DE773003E93EB;
			productRefGroup = D992E40E1E0DE774003E93EB /* Products */;
			projectDirPath = "";
			projectRoot = "";
			targets = (
				D992E40C1E0DE773003E93EB /* Setbacks to Comebacks */,
				D992E4221E0DE774003E93EB /* Setbacks to ComebacksTests */,
				D992E42D1E0DE774003E93EB /* Setbacks to ComebacksUITests */,
			);
		};
/* End PBXProject section */

/* Begin PBXResourcesBuildPhase section */
		D992E40B1E0DE773003E93EB /* Resources */ = {
			isa = PBXResourcesBuildPhase;
			buildActionMask = 2147483647;
			files = (
				D97623331E1174BE00BB290B /* To-Do & Strategy in Resources */,
				D992E41D1E0DE774003E93EB /* LaunchScreen.storyboard in Resources */,
				D992E41A1E0DE774003E93EB /* Assets.xcassets in Resources */,
				D992E4181E0DE774003E93EB /* Main.storyboard in Resources */,
				D98FBA0B1E11FBA8008FB950 /* PersonDetailViewController.xib in Resources */,
			);
			runOnlyForDeploymentPostprocessing = 0;
		};
		D992E4211E0DE774003E93EB /* Resources */ = {
			isa = PBXResourcesBuildPhase;
			buildActionMask = 2147483647;
			files = (
			);
			runOnlyForDeploymentPostprocessing = 0;
		};
		D992E42C1E0DE774003E93EB /* Resources */ = {
			isa = PBXResourcesBuildPhase;
			buildActionMask = 2147483647;
			files = (
			);
			runOnlyForDeploymentPostprocessing = 0;
		};
/* End PBXResourcesBuildPhase section */

/* Begin PBXSourcesBuildPhase section */
		D992E4091E0DE773003E93EB /* Sources */ = {
			isa = PBXSourcesBuildPhase;
			buildActionMask = 2147483647;
			files = (
				D9EA06011E0F5DD4003C7353 /* HomeTableViewController.swift in Sources */,
				D9EA06031E0F5DEC003C7353 /* FavoritesViewController.swift in Sources */,
				D9EA06061E0F5E6E003C7353 /* Person.swift in Sources */,
				D98FBA0A1E11FBA8008FB950 /* PersonDetailViewController.swift in Sources */,
				D992E4111E0DE774003E93EB /* AppDelegate.swift in Sources */,
			);
			runOnlyForDeploymentPostprocessing = 0;
		};
		D992E41F1E0DE774003E93EB /* Sources */ = {
			isa = PBXSourcesBuildPhase;
			buildActionMask = 2147483647;
			files = (
				D992E4281E0DE774003E93EB /* Setbacks_to_ComebacksTests.swift in Sources */,
			);
			runOnlyForDeploymentPostprocessing = 0;
		};
		D992E42A1E0DE774003E93EB /* Sources */ = {
			isa = PBXSourcesBuildPhase;
			buildActionMask = 2147483647;
			files = (
				D992E4331E0DE774003E93EB /* Setbacks_to_ComebacksUITests.swift in Sources */,
			);
			runOnlyForDeploymentPostprocessing = 0;
		};
/* End PBXSourcesBuildPhase section */

/* Begin PBXTargetDependency section */
		D992E4251E0DE774003E93EB /* PBXTargetDependency */ = {
			isa = PBXTargetDependency;
			target = D992E40C1E0DE773003E93EB /* Setbacks to Comebacks */;
			targetProxy = D992E4241E0DE774003E93EB /* PBXContainerItemProxy */;
		};
		D992E4301E0DE774003E93EB /* PBXTargetDependency */ = {
			isa = PBXTargetDependency;
			target = D992E40C1E0DE773003E93EB /* Setbacks to Comebacks */;
			targetProxy = D992E42F1E0DE774003E93EB /* PBXContainerItemProxy */;
		};
/* End PBXTargetDependency section */

/* Begin PBXVariantGroup section */
		D992E4161E0DE774003E93EB /* Main.storyboard */ = {
			isa = PBXVariantGroup;
			children = (
				D992E4171E0DE774003E93EB /* Base */,
			);
			name = Main.storyboard;
			sourceTree = "<group>";
		};
		D992E41B1E0DE774003E93EB /* LaunchScreen.storyboard */ = {
			isa = PBXVariantGroup;
			children = (
				D992E41C1E0DE774003E93EB /* Base */,
			);
			name = LaunchScreen.storyboard;
			sourceTree = "<group>";
		};
/* End PBXVariantGroup section */

/* Begin XCBuildConfiguration section */
		D992E4351E0DE774003E93EB /* Debug */ = {
			isa = XCBuildConfiguration;
			buildSettings = {
				ALWAYS_SEARCH_USER_PATHS = NO;
				CLANG_ANALYZER_NONNULL = YES;
				CLANG_CXX_LANGUAGE_STANDARD = "gnu++0x";
				CLANG_CXX_LIBRARY = "libc++";
				CLANG_ENABLE_MODULES = YES;
				CLANG_ENABLE_OBJC_ARC = YES;
				CLANG_WARN_BOOL_CONVERSION = YES;
				CLANG_WARN_CONSTANT_CONVERSION = YES;
				CLANG_WARN_DIRECT_OBJC_ISA_USAGE = YES_ERROR;
				CLANG_WARN_DOCUMENTATION_COMMENTS = YES;
				CLANG_WARN_EMPTY_BODY = YES;
				CLANG_WARN_ENUM_CONVERSION = YES;
				CLANG_WARN_INFINITE_RECURSION = YES;
				CLANG_WARN_INT_CONVERSION = YES;
				CLANG_WARN_OBJC_ROOT_CLASS = YES_ERROR;
				CLANG_WARN_SUSPICIOUS_MOVE = YES;
				CLANG_WARN_UNREACHABLE_CODE = YES;
				CLANG_WARN__DUPLICATE_METHOD_MATCH = YES;
				"CODE_SIGN_IDENTITY[sdk=iphoneos*]" = "iPhone Developer";
				COPY_PHASE_STRIP = NO;
				DEBUG_INFORMATION_FORMAT = dwarf;
				ENABLE_STRICT_OBJC_MSGSEND = YES;
				ENABLE_TESTABILITY = YES;
				GCC_C_LANGUAGE_STANDARD = gnu99;
				GCC_DYNAMIC_NO_PIC = NO;
				GCC_NO_COMMON_BLOCKS = YES;
				GCC_OPTIMIZATION_LEVEL = 0;
				GCC_PREPROCESSOR_DEFINITIONS = (
					"DEBUG=1",
					"$(inherited)",
				);
				GCC_WARN_64_TO_32_BIT_CONVERSION = YES;
				GCC_WARN_ABOUT_RETURN_TYPE = YES_ERROR;
				GCC_WARN_UNDECLARED_SELECTOR = YES;
				GCC_WARN_UNINITIALIZED_AUTOS = YES_AGGRESSIVE;
				GCC_WARN_UNUSED_FUNCTION = YES;
				GCC_WARN_UNUSED_VARIABLE = YES;
				IPHONEOS_DEPLOYMENT_TARGET = 10.2;
				MTL_ENABLE_DEBUG_INFO = YES;
				ONLY_ACTIVE_ARCH = YES;
				SDKROOT = iphoneos;
				SWIFT_ACTIVE_COMPILATION_CONDITIONS = DEBUG;
				SWIFT_OPTIMIZATION_LEVEL = "-Onone";
				TARGETED_DEVICE_FAMILY = "1,2";
			};
			name = Debug;
		};
		D992E4361E0DE774003E93EB /* Release */ = {
			isa = XCBuildConfiguration;
			buildSettings = {
				ALWAYS_SEARCH_USER_PATHS = NO;
				CLANG_ANALYZER_NONNULL = YES;
				CLANG_CXX_LANGUAGE_STANDARD = "gnu++0x";
				CLANG_CXX_LIBRARY = "libc++";
				CLANG_ENABLE_MODULES = YES;
				CLANG_ENABLE_OBJC_ARC = YES;
				CLANG_WARN_BOOL_CONVERSION = YES;
				CLANG_WARN_CONSTANT_CONVERSION = YES;
				CLANG_WARN_DIRECT_OBJC_ISA_USAGE = YES_ERROR;
				CLANG_WARN_DOCUMENTATION_COMMENTS = YES;
				CLANG_WARN_EMPTY_BODY = YES;
				CLANG_WARN_ENUM_CONVERSION = YES;
				CLANG_WARN_INFINITE_RECURSION = YES;
				CLANG_WARN_INT_CONVERSION = YES;
				CLANG_WARN_OBJC_ROOT_CLASS = YES_ERROR;
				CLANG_WARN_SUSPICIOUS_MOVE = YES;
				CLANG_WARN_UNREACHABLE_CODE = YES;
				CLANG_WARN__DUPLICATE_METHOD_MATCH = YES;
				"CODE_SIGN_IDENTITY[sdk=iphoneos*]" = "iPhone Developer";
				COPY_PHASE_STRIP = NO;
				DEBUG_INFORMATION_FORMAT = "dwarf-with-dsym";
				ENABLE_NS_ASSERTIONS = NO;
				ENABLE_STRICT_OBJC_MSGSEND = YES;
				GCC_C_LANGUAGE_STANDARD = gnu99;
				GCC_NO_COMMON_BLOCKS = YES;
				GCC_WARN_64_TO_32_BIT_CONVERSION = YES;
				GCC_WARN_ABOUT_RETURN_TYPE = YES_ERROR;
				GCC_WARN_UNDECLARED_SELECTOR = YES;
				GCC_WARN_UNINITIALIZED_AUTOS = YES_AGGRESSIVE;
				GCC_WARN_UNUSED_FUNCTION = YES;
				GCC_WARN_UNUSED_VARIABLE = YES;
				IPHONEOS_DEPLOYMENT_TARGET = 10.2;
				MTL_ENABLE_DEBUG_INFO = NO;
				SDKROOT = iphoneos;
				SWIFT_OPTIMIZATION_LEVEL = "-Owholemodule";
				TARGETED_DEVICE_FAMILY = "1,2";
				VALIDATE_PRODUCT = YES;
			};
			name = Release;
		};
		D992E4381E0DE774003E93EB /* Debug */ = {
			isa = XCBuildConfiguration;
			buildSettings = {
				ASSETCATALOG_COMPILER_APPICON_NAME = AppIcon;
				DEVELOPMENT_TEAM = JJ62WG39RU;
				INFOPLIST_FILE = "Setbacks to Comebacks/Info.plist";
				LD_RUNPATH_SEARCH_PATHS = "$(inherited) @executable_path/Frameworks";
				PRODUCT_BUNDLE_IDENTIFIER = "com.terrybu.Setbacks-to-Comebacks";
				PRODUCT_NAME = "$(TARGET_NAME)";
				SWIFT_VERSION = 3.0;
			};
			name = Debug;
		};
		D992E4391E0DE774003E93EB /* Release */ = {
			isa = XCBuildConfiguration;
			buildSettings = {
				ASSETCATALOG_COMPILER_APPICON_NAME = AppIcon;
				DEVELOPMENT_TEAM = JJ62WG39RU;
				INFOPLIST_FILE = "Setbacks to Comebacks/Info.plist";
				LD_RUNPATH_SEARCH_PATHS = "$(inherited) @executable_path/Frameworks";
				PRODUCT_BUNDLE_IDENTIFIER = "com.terrybu.Setbacks-to-Comebacks";
				PRODUCT_NAME = "$(TARGET_NAME)";
				SWIFT_VERSION = 3.0;
			};
			name = Release;
		};
		D992E43B1E0DE774003E93EB /* Debug */ = {
			isa = XCBuildConfiguration;
			buildSettings = {
				ALWAYS_EMBED_SWIFT_STANDARD_LIBRARIES = YES;
				BUNDLE_LOADER = "$(TEST_HOST)";
				DEVELOPMENT_TEAM = JJ62WG39RU;
				INFOPLIST_FILE = "Setbacks to ComebacksTests/Info.plist";
				LD_RUNPATH_SEARCH_PATHS = "$(inherited) @executable_path/Frameworks @loader_path/Frameworks";
				PRODUCT_BUNDLE_IDENTIFIER = "com.terrybu.Setbacks-to-ComebacksTests";
				PRODUCT_NAME = "$(TARGET_NAME)";
				SWIFT_VERSION = 3.0;
				TEST_HOST = "$(BUILT_PRODUCTS_DIR)/Setbacks to Comebacks.app/Setbacks to Comebacks";
			};
			name = Debug;
		};
		D992E43C1E0DE774003E93EB /* Release */ = {
			isa = XCBuildConfiguration;
			buildSettings = {
				ALWAYS_EMBED_SWIFT_STANDARD_LIBRARIES = YES;
				BUNDLE_LOADER = "$(TEST_HOST)";
				DEVELOPMENT_TEAM = JJ62WG39RU;
				INFOPLIST_FILE = "Setbacks to ComebacksTests/Info.plist";
				LD_RUNPATH_SEARCH_PATHS = "$(inherited) @executable_path/Frameworks @loader_path/Frameworks";
				PRODUCT_BUNDLE_IDENTIFIER = "com.terrybu.Setbacks-to-ComebacksTests";
				PRODUCT_NAME = "$(TARGET_NAME)";
				SWIFT_VERSION = 3.0;
				TEST_HOST = "$(BUILT_PRODUCTS_DIR)/Setbacks to Comebacks.app/Setbacks to Comebacks";
			};
			name = Release;
		};
		D992E43E1E0DE774003E93EB /* Debug */ = {
			isa = XCBuildConfiguration;
			buildSettings = {
				ALWAYS_EMBED_SWIFT_STANDARD_LIBRARIES = YES;
				DEVELOPMENT_TEAM = JJ62WG39RU;
				INFOPLIST_FILE = "Setbacks to ComebacksUITests/Info.plist";
				LD_RUNPATH_SEARCH_PATHS = "$(inherited) @executable_path/Frameworks @loader_path/Frameworks";
				PRODUCT_BUNDLE_IDENTIFIER = "com.terrybu.Setbacks-to-ComebacksUITests";
				PRODUCT_NAME = "$(TARGET_NAME)";
				SWIFT_VERSION = 3.0;
				TEST_TARGET_NAME = "Setbacks to Comebacks";
			};
			name = Debug;
		};
		D992E43F1E0DE774003E93EB /* Release */ = {
			isa = XCBuildConfiguration;
			buildSettings = {
				ALWAYS_EMBED_SWIFT_STANDARD_LIBRARIES = YES;
				DEVELOPMENT_TEAM = JJ62WG39RU;
				INFOPLIST_FILE = "Setbacks to ComebacksUITests/Info.plist";
				LD_RUNPATH_SEARCH_PATHS = "$(inherited) @executable_path/Frameworks @loader_path/Frameworks";
				PRODUCT_BUNDLE_IDENTIFIER = "com.terrybu.Setbacks-to-ComebacksUITests";
				PRODUCT_NAME = "$(TARGET_NAME)";
				SWIFT_VERSION = 3.0;
				TEST_TARGET_NAME = "Setbacks to Comebacks";
			};
			name = Release;
		};
/* End XCBuildConfiguration section */

/* Begin XCConfigurationList section */
		D992E4081E0DE773003E93EB /* Build configuration list for PBXProject "Setbacks to Comebacks" */ = {
			isa = XCConfigurationList;
			buildConfigurations = (
				D992E4351E0DE774003E93EB /* Debug */,
				D992E4361E0DE774003E93EB /* Release */,
			);
			defaultConfigurationIsVisible = 0;
			defaultConfigurationName = Release;
		};
		D992E4371E0DE774003E93EB /* Build configuration list for PBXNativeTarget "Setbacks to Comebacks" */ = {
			isa = XCConfigurationList;
			buildConfigurations = (
				D992E4381E0DE774003E93EB /* Debug */,
				D992E4391E0DE774003E93EB /* Release */,
			);
			defaultConfigurationIsVisible = 0;
			defaultConfigurationName = Release;
		};
		D992E43A1E0DE774003E93EB /* Build configuration list for PBXNativeTarget "Setbacks to ComebacksTests" */ = {
			isa = XCConfigurationList;
			buildConfigurations = (
				D992E43B1E0DE774003E93EB /* Debug */,
				D992E43C1E0DE774003E93EB /* Release */,
			);
			defaultConfigurationIsVisible = 0;
			defaultConfigurationName = Release;
		};
		D992E43D1E0DE774003E93EB /* Build configuration list for PBXNativeTarget "Setbacks to ComebacksUITests" */ = {
			isa = XCConfigurationList;
			buildConfigurations = (
				D992E43E1E0DE774003E93EB /* Debug */,
				D992E43F1E0DE774003E93EB /* Release */,
			);
			defaultConfigurationIsVisible = 0;
			defaultConfigurationName = Release;
		};
/* End XCConfigurationList section */
	};
	rootObject = D992E4051E0DE773003E93EB /* Project object */;
}
